// !$*UTF8*$!
{
	archiveVersion = 1;
	classes = {
	};
	objectVersion = 56;
	objects = {

/* Begin PBXBuildFile section */
		D40DE83E2A7293AF003A5BD1 /* DataStructures.swift in Sources */ = {isa = PBXBuildFile; fileRef = D40DE83D2A7293AF003A5BD1 /* DataStructures.swift */; };
		D436746B2A778AD800D8F49B /* RecommendationsView.swift in Sources */ = {isa = PBXBuildFile; fileRef = D436746A2A778AD800D8F49B /* RecommendationsView.swift */; };
		D436746F2A77E05F00D8F49B /* HomeView.swift in Sources */ = {isa = PBXBuildFile; fileRef = D436746E2A77E05F00D8F49B /* HomeView.swift */; };
		D4D230992A7B727C0023A70B /* CardView.swift in Sources */ = {isa = PBXBuildFile; fileRef = D4D230982A7B727C0023A70B /* CardView.swift */; };
		D4D36CE02A712CA300DB5016 /* UserTopView.swift in Sources */ = {isa = PBXBuildFile; fileRef = D4D36CDF2A712CA300DB5016 /* UserTopView.swift */; };
		D4FF14022A6FC4AE00151567 /* InsightsApp.swift in Sources */ = {isa = PBXBuildFile; fileRef = D4FF14012A6FC4AE00151567 /* InsightsApp.swift */; };
		D4FF14042A6FC4AE00151567 /* ContentView.swift in Sources */ = {isa = PBXBuildFile; fileRef = D4FF14032A6FC4AE00151567 /* ContentView.swift */; };
		D4FF14062A6FC4AF00151567 /* Assets.xcassets in Resources */ = {isa = PBXBuildFile; fileRef = D4FF14052A6FC4AF00151567 /* Assets.xcassets */; };
		D4FF14092A6FC4AF00151567 /* Preview Assets.xcassets in Resources */ = {isa = PBXBuildFile; fileRef = D4FF14082A6FC4AF00151567 /* Preview Assets.xcassets */; };
		D4FF14132A6FC5DF00151567 /* SpotifyAPI in Frameworks */ = {isa = PBXBuildFile; productRef = D4FF14122A6FC5DF00151567 /* SpotifyAPI */; };
		D4FF14172A6FC86A00151567 /* LoginView.swift in Sources */ = {isa = PBXBuildFile; fileRef = D4FF14162A6FC86A00151567 /* LoginView.swift */; };
		D4FF14192A6FD3D300151567 /* envSpotify.swift in Sources */ = {isa = PBXBuildFile; fileRef = D4FF14182A6FD3D300151567 /* envSpotify.swift */; };
/* End PBXBuildFile section */

/* Begin PBXFileReference section */
		D40DE83D2A7293AF003A5BD1 /* DataStructures.swift */ = {isa = PBXFileReference; lastKnownFileType = sourcecode.swift; path = DataStructures.swift; sourceTree = "<group>"; };
		D436746A2A778AD800D8F49B /* RecommendationsView.swift */ = {isa = PBXFileReference; lastKnownFileType = sourcecode.swift; path = RecommendationsView.swift; sourceTree = "<group>"; };
		D436746E2A77E05F00D8F49B /* HomeView.swift */ = {isa = PBXFileReference; lastKnownFileType = sourcecode.swift; path = HomeView.swift; sourceTree = "<group>"; };
		D4D230982A7B727C0023A70B /* CardView.swift */ = {isa = PBXFileReference; lastKnownFileType = sourcecode.swift; path = CardView.swift; sourceTree = "<group>"; };
		D4D36CDF2A712CA300DB5016 /* UserTopView.swift */ = {isa = PBXFileReference; lastKnownFileType = sourcecode.swift; path = UserTopView.swift; sourceTree = "<group>"; };
		D4FF13FE2A6FC4AE00151567 /* Insights.app */ = {isa = PBXFileReference; explicitFileType = wrapper.application; includeInIndex = 0; path = Insights.app; sourceTree = BUILT_PRODUCTS_DIR; };
		D4FF14012A6FC4AE00151567 /* InsightsApp.swift */ = {isa = PBXFileReference; lastKnownFileType = sourcecode.swift; path = InsightsApp.swift; sourceTree = "<group>"; };
		D4FF14032A6FC4AE00151567 /* ContentView.swift */ = {isa = PBXFileReference; lastKnownFileType = sourcecode.swift; path = ContentView.swift; sourceTree = "<group>"; usesTabs = 0; };
		D4FF14052A6FC4AF00151567 /* Assets.xcassets */ = {isa = PBXFileReference; lastKnownFileType = folder.assetcatalog; path = Assets.xcassets; sourceTree = "<group>"; };
		D4FF14082A6FC4AF00151567 /* Preview Assets.xcassets */ = {isa = PBXFileReference; lastKnownFileType = folder.assetcatalog; path = "Preview Assets.xcassets"; sourceTree = "<group>"; };
		D4FF140A2A6FC4AF00151567 /* Insights.entitlements */ = {isa = PBXFileReference; lastKnownFileType = text.plist.entitlements; path = Insights.entitlements; sourceTree = "<group>"; };
		D4FF14102A6FC57C00151567 /* Info.plist */ = {isa = PBXFileReference; lastKnownFileType = text.plist; path = Info.plist; sourceTree = "<group>"; };
		D4FF14162A6FC86A00151567 /* LoginView.swift */ = {isa = PBXFileReference; lastKnownFileType = sourcecode.swift; path = LoginView.swift; sourceTree = "<group>"; };
		D4FF14182A6FD3D300151567 /* envSpotify.swift */ = {isa = PBXFileReference; lastKnownFileType = sourcecode.swift; path = envSpotify.swift; sourceTree = "<group>"; };
/* End PBXFileReference section */

/* Begin PBXFrameworksBuildPhase section */
		D4FF13FB2A6FC4AE00151567 /* Frameworks */ = {
			isa = PBXFrameworksBuildPhase;
			buildActionMask = 2147483647;
			files = (
				D4FF14132A6FC5DF00151567 /* SpotifyAPI in Frameworks */,
			);
			runOnlyForDeploymentPostprocessing = 0;
		};
/* End PBXFrameworksBuildPhase section */

/* Begin PBXGroup section */
		D4FF13F52A6FC4AE00151567 = {
			isa = PBXGroup;
			children = (
				D4FF14002A6FC4AE00151567 /* Insights */,
				D4FF13FF2A6FC4AE00151567 /* Products */,
			);
			sourceTree = "<group>";
		};
		D4FF13FF2A6FC4AE00151567 /* Products */ = {
			isa = PBXGroup;
			children = (
				D4FF13FE2A6FC4AE00151567 /* Insights.app */,
			);
			name = Products;
			sourceTree = "<group>";
		};
		D4FF14002A6FC4AE00151567 /* Insights */ = {
			isa = PBXGroup;
			children = (
				D4D36CDF2A712CA300DB5016 /* UserTopView.swift */,
				D436746A2A778AD800D8F49B /* RecommendationsView.swift */,
				D40DE83D2A7293AF003A5BD1 /* DataStructures.swift */,
				D4FF14102A6FC57C00151567 /* Info.plist */,
				D4FF14012A6FC4AE00151567 /* InsightsApp.swift */,
				D4FF14032A6FC4AE00151567 /* ContentView.swift */,
				D4D230982A7B727C0023A70B /* CardView.swift */,
				D436746E2A77E05F00D8F49B /* HomeView.swift */,
				D4FF14182A6FD3D300151567 /* envSpotify.swift */,
				D4FF14052A6FC4AF00151567 /* Assets.xcassets */,
				D4FF140A2A6FC4AF00151567 /* Insights.entitlements */,
				D4FF14072A6FC4AF00151567 /* Preview Content */,
				D4FF14162A6FC86A00151567 /* LoginView.swift */,
			);
			path = Insights;
			sourceTree = "<group>";
		};
		D4FF14072A6FC4AF00151567 /* Preview Content */ = {
			isa = PBXGroup;
			children = (
				D4FF14082A6FC4AF00151567 /* Preview Assets.xcassets */,
			);
			path = "Preview Content";
			sourceTree = "<group>";
		};
/* End PBXGroup section */

/* Begin PBXNativeTarget section */
		D4FF13FD2A6FC4AE00151567 /* Insights */ = {
			isa = PBXNativeTarget;
			buildConfigurationList = D4FF140D2A6FC4AF00151567 /* Build configuration list for PBXNativeTarget "Insights" */;
			buildPhases = (
				D4FF13FA2A6FC4AE00151567 /* Sources */,
				D4FF13FB2A6FC4AE00151567 /* Frameworks */,
				D4FF13FC2A6FC4AE00151567 /* Resources */,
			);
			buildRules = (
			);
			dependencies = (
			);
			name = Insights;
			packageProductDependencies = (
				D4FF14122A6FC5DF00151567 /* SpotifyAPI */,
			);
			productName = Insights;
			productReference = D4FF13FE2A6FC4AE00151567 /* Insights.app */;
			productType = "com.apple.product-type.application";
		};
/* End PBXNativeTarget section */

/* Begin PBXProject section */
		D4FF13F62A6FC4AE00151567 /* Project object */ = {
			isa = PBXProject;
			attributes = {
				BuildIndependentTargetsInParallel = 1;
				LastSwiftUpdateCheck = 1420;
				LastUpgradeCheck = 1420;
				TargetAttributes = {
					D4FF13FD2A6FC4AE00151567 = {
						CreatedOnToolsVersion = 14.2;
					};
				};
			};
			buildConfigurationList = D4FF13F92A6FC4AE00151567 /* Build configuration list for PBXProject "Insights" */;
			compatibilityVersion = "Xcode 14.0";
			developmentRegion = en;
			hasScannedForEncodings = 0;
			knownRegions = (
				en,
				Base,
			);
			mainGroup = D4FF13F52A6FC4AE00151567;
			packageReferences = (
				D4FF14112A6FC5DF00151567 /* XCRemoteSwiftPackageReference "SpotifyAPI" */,
			);
			productRefGroup = D4FF13FF2A6FC4AE00151567 /* Products */;
			projectDirPath = "";
			projectRoot = "";
			targets = (
				D4FF13FD2A6FC4AE00151567 /* Insights */,
			);
		};
/* End PBXProject section */

/* Begin PBXResourcesBuildPhase section */
		D4FF13FC2A6FC4AE00151567 /* Resources */ = {
			isa = PBXResourcesBuildPhase;
			buildActionMask = 2147483647;
			files = (
				D4FF14092A6FC4AF00151567 /* Preview Assets.xcassets in Resources */,
				D4FF14062A6FC4AF00151567 /* Assets.xcassets in Resources */,
			);
			runOnlyForDeploymentPostprocessing = 0;
		};
/* End PBXResourcesBuildPhase section */

/* Begin PBXSourcesBuildPhase section */
		D4FF13FA2A6FC4AE00151567 /* Sources */ = {
			isa = PBXSourcesBuildPhase;
			buildActionMask = 2147483647;
			files = (
				D40DE83E2A7293AF003A5BD1 /* DataStructures.swift in Sources */,
				D4FF14172A6FC86A00151567 /* LoginView.swift in Sources */,
				D436746F2A77E05F00D8F49B /* HomeView.swift in Sources */,
				D4FF14042A6FC4AE00151567 /* ContentView.swift in Sources */,
				D4FF14022A6FC4AE00151567 /* InsightsApp.swift in Sources */,
				D436746B2A778AD800D8F49B /* RecommendationsView.swift in Sources */,
				D4D36CE02A712CA300DB5016 /* UserTopView.swift in Sources */,
				D4D230992A7B727C0023A70B /* CardView.swift in Sources */,
				D4FF14192A6FD3D300151567 /* envSpotify.swift in Sources */,
			);
			runOnlyForDeploymentPostprocessing = 0;
		};
/* End PBXSourcesBuildPhase section */

/* Begin XCBuildConfiguration section */
		D4FF140B2A6FC4AF00151567 /* Debug */ = {
			isa = XCBuildConfiguration;
			buildSettings = {
				ALWAYS_SEARCH_USER_PATHS = NO;
				CLANG_ANALYZER_NONNULL = YES;
				CLANG_ANALYZER_NUMBER_OBJECT_CONVERSION = YES_AGGRESSIVE;
				CLANG_CXX_LANGUAGE_STANDARD = "gnu++20";
				CLANG_ENABLE_MODULES = YES;
				CLANG_ENABLE_OBJC_ARC = YES;
				CLANG_ENABLE_OBJC_WEAK = YES;
				CLANG_WARN_BLOCK_CAPTURE_AUTORELEASING = YES;
				CLANG_WARN_BOOL_CONVERSION = YES;
				CLANG_WARN_COMMA = YES;
				CLANG_WARN_CONSTANT_CONVERSION = YES;
				CLANG_WARN_DEPRECATED_OBJC_IMPLEMENTATIONS = YES;
				CLANG_WARN_DIRECT_OBJC_ISA_USAGE = YES_ERROR;
				CLANG_WARN_DOCUMENTATION_COMMENTS = YES;
				CLANG_WARN_EMPTY_BODY = YES;
				CLANG_WARN_ENUM_CONVERSION = YES;
				CLANG_WARN_INFINITE_RECURSION = YES;
				CLANG_WARN_INT_CONVERSION = YES;
				CLANG_WARN_NON_LITERAL_NULL_CONVERSION = YES;
				CLANG_WARN_OBJC_IMPLICIT_RETAIN_SELF = YES;
				CLANG_WARN_OBJC_LITERAL_CONVERSION = YES;
				CLANG_WARN_OBJC_ROOT_CLASS = YES_ERROR;
				CLANG_WARN_QUOTED_INCLUDE_IN_FRAMEWORK_HEADER = YES;
				CLANG_WARN_RANGE_LOOP_ANALYSIS = YES;
				CLANG_WARN_STRICT_PROTOTYPES = YES;
				CLANG_WARN_SUSPICIOUS_MOVE = YES;
				CLANG_WARN_UNGUARDED_AVAILABILITY = YES_AGGRESSIVE;
				CLANG_WARN_UNREACHABLE_CODE = YES;
				CLANG_WARN__DUPLICATE_METHOD_MATCH = YES;
				COPY_PHASE_STRIP = NO;
				DEBUG_INFORMATION_FORMAT = dwarf;
				ENABLE_STRICT_OBJC_MSGSEND = YES;
				ENABLE_TESTABILITY = YES;
				GCC_C_LANGUAGE_STANDARD = gnu11;
				GCC_DYNAMIC_NO_PIC = NO;
				GCC_NO_COMMON_BLOCKS = YES;
				GCC_OPTIMIZATION_LEVEL = 0;
				GCC_PREPROCESSOR_DEFINITIONS = (
					"DEBUG=1",
					"$(inherited)",
				);
				GCC_WARN_64_TO_32_BIT_CONVERSION = YES;
				GCC_WARN_ABOUT_RETURN_TYPE = YES_ERROR;
				GCC_WARN_UNDECLARED_SELECTOR = YES;
				GCC_WARN_UNINITIALIZED_AUTOS = YES_AGGRESSIVE;
				GCC_WARN_UNUSED_FUNCTION = YES;
				GCC_WARN_UNUSED_VARIABLE = YES;
				MACOSX_DEPLOYMENT_TARGET = 13.1;
				MTL_ENABLE_DEBUG_INFO = INCLUDE_SOURCE;
				MTL_FAST_MATH = YES;
				ONLY_ACTIVE_ARCH = YES;
				SDKROOT = macosx;
				SWIFT_ACTIVE_COMPILATION_CONDITIONS = DEBUG;
				SWIFT_OPTIMIZATION_LEVEL = "-Onone";
			};
			name = Debug;
		};
		D4FF140C2A6FC4AF00151567 /* Release */ = {
			isa = XCBuildConfiguration;
			buildSettings = {
				ALWAYS_SEARCH_USER_PATHS = NO;
				CLANG_ANALYZER_NONNULL = YES;
				CLANG_ANALYZER_NUMBER_OBJECT_CONVERSION = YES_AGGRESSIVE;
				CLANG_CXX_LANGUAGE_STANDARD = "gnu++20";
				CLANG_ENABLE_MODULES = YES;
				CLANG_ENABLE_OBJC_ARC = YES;
				CLANG_ENABLE_OBJC_WEAK = YES;
				CLANG_WARN_BLOCK_CAPTURE_AUTORELEASING = YES;
				CLANG_WARN_BOOL_CONVERSION = YES;
				CLANG_WARN_COMMA = YES;
				CLANG_WARN_CONSTANT_CONVERSION = YES;
				CLANG_WARN_DEPRECATED_OBJC_IMPLEMENTATIONS = YES;
				CLANG_WARN_DIRECT_OBJC_ISA_USAGE = YES_ERROR;
				CLANG_WARN_DOCUMENTATION_COMMENTS = YES;
				CLANG_WARN_EMPTY_BODY = YES;
				CLANG_WARN_ENUM_CONVERSION = YES;
				CLANG_WARN_INFINITE_RECURSION = YES;
				CLANG_WARN_INT_CONVERSION = YES;
				CLANG_WARN_NON_LITERAL_NULL_CONVERSION = YES;
				CLANG_WARN_OBJC_IMPLICIT_RETAIN_SELF = YES;
				CLANG_WARN_OBJC_LITERAL_CONVERSION = YES;
				CLANG_WARN_OBJC_ROOT_CLASS = YES_ERROR;
				CLANG_WARN_QUOTED_INCLUDE_IN_FRAMEWORK_HEADER = YES;
				CLANG_WARN_RANGE_LOOP_ANALYSIS = YES;
				CLANG_WARN_STRICT_PROTOTYPES = YES;
				CLANG_WARN_SUSPICIOUS_MOVE = YES;
				CLANG_WARN_UNGUARDED_AVAILABILITY = YES_AGGRESSIVE;
				CLANG_WARN_UNREACHABLE_CODE = YES;
				CLANG_WARN__DUPLICATE_METHOD_MATCH = YES;
				COPY_PHASE_STRIP = NO;
				DEBUG_INFORMATION_FORMAT = "dwarf-with-dsym";
				ENABLE_NS_ASSERTIONS = NO;
				ENABLE_STRICT_OBJC_MSGSEND = YES;
				GCC_C_LANGUAGE_STANDARD = gnu11;
				GCC_NO_COMMON_BLOCKS = YES;
				GCC_WARN_64_TO_32_BIT_CONVERSION = YES;
				GCC_WARN_ABOUT_RETURN_TYPE = YES_ERROR;
				GCC_WARN_UNDECLARED_SELECTOR = YES;
				GCC_WARN_UNINITIALIZED_AUTOS = YES_AGGRESSIVE;
				GCC_WARN_UNUSED_FUNCTION = YES;
				GCC_WARN_UNUSED_VARIABLE = YES;
				MACOSX_DEPLOYMENT_TARGET = 13.1;
				MTL_ENABLE_DEBUG_INFO = NO;
				MTL_FAST_MATH = YES;
				SDKROOT = macosx;
				SWIFT_COMPILATION_MODE = wholemodule;
				SWIFT_OPTIMIZATION_LEVEL = "-O";
			};
			name = Release;
		};
		D4FF140E2A6FC4AF00151567 /* Debug */ = {
			isa = XCBuildConfiguration;
			buildSettings = {
				ASSETCATALOG_COMPILER_APPICON_NAME = AppIcon;
				ASSETCATALOG_COMPILER_GLOBAL_ACCENT_COLOR_NAME = AccentColor;
				CODE_SIGN_ENTITLEMENTS = Insights/Insights.entitlements;
				CODE_SIGN_STYLE = Automatic;
				COMBINE_HIDPI_IMAGES = YES;
				CURRENT_PROJECT_VERSION = 1;
				DEVELOPMENT_ASSET_PATHS = "\"Insights/Preview Content\"";
				ENABLE_HARDENED_RUNTIME = NO;
				ENABLE_PREVIEWS = YES;
				GENERATE_INFOPLIST_FILE = YES;
				INFOPLIST_FILE = Insights/Info.plist;
				INFOPLIST_KEY_NSHumanReadableCopyright = "";
				LD_RUNPATH_SEARCH_PATHS = (
					"$(inherited)",
					"@executable_path/../Frameworks",
				);
				MARKETING_VERSION = 1.0;
				PRODUCT_BUNDLE_IDENTIFIER = com.personal.Insights;
				PRODUCT_NAME = "$(TARGET_NAME)";
				SWIFT_EMIT_LOC_STRINGS = YES;
				SWIFT_VERSION = 5.0;
			};
			name = Debug;
		};
		D4FF140F2A6FC4AF00151567 /* Release */ = {
			isa = XCBuildConfiguration;
			buildSettings = {
				ASSETCATALOG_COMPILER_APPICON_NAME = AppIcon;
				ASSETCATALOG_COMPILER_GLOBAL_ACCENT_COLOR_NAME = AccentColor;
				CODE_SIGN_ENTITLEMENTS = Insights/Insights.entitlements;
				CODE_SIGN_STYLE = Automatic;
				COMBINE_HIDPI_IMAGES = YES;
				CURRENT_PROJECT_VERSION = 1;
				DEVELOPMENT_ASSET_PATHS = "\"Insights/Preview Content\"";
				ENABLE_HARDENED_RUNTIME = NO;
				ENABLE_PREVIEWS = YES;
				GENERATE_INFOPLIST_FILE = YES;
				INFOPLIST_FILE = Insights/Info.plist;
				INFOPLIST_KEY_NSHumanReadableCopyright = "";
				LD_RUNPATH_SEARCH_PATHS = (
					"$(inherited)",
					"@executable_path/../Frameworks",
				);
				MARKETING_VERSION = 1.0;
				PRODUCT_BUNDLE_IDENTIFIER = com.personal.Insights;
				PRODUCT_NAME = "$(TARGET_NAME)";
				SWIFT_EMIT_LOC_STRINGS = YES;
				SWIFT_VERSION = 5.0;
			};
			name = Release;
		};
/* End XCBuildConfiguration section */

/* Begin XCConfigurationList section */
		D4FF13F92A6FC4AE00151567 /* Build configuration list for PBXProject "Insights" */ = {
			isa = XCConfigurationList;
			buildConfigurations = (
				D4FF140B2A6FC4AF00151567 /* Debug */,
				D4FF140C2A6FC4AF00151567 /* Release */,
			);
			defaultConfigurationIsVisible = 0;
			defaultConfigurationName = Release;
		};
		D4FF140D2A6FC4AF00151567 /* Build configuration list for PBXNativeTarget "Insights" */ = {
			isa = XCConfigurationList;
			buildConfigurations = (
				D4FF140E2A6FC4AF00151567 /* Debug */,
				D4FF140F2A6FC4AF00151567 /* Release */,
			);
			defaultConfigurationIsVisible = 0;
			defaultConfigurationName = Release;
		};
/* End XCConfigurationList section */

/* Begin XCRemoteSwiftPackageReference section */
		D4FF14112A6FC5DF00151567 /* XCRemoteSwiftPackageReference "SpotifyAPI" */ = {
			isa = XCRemoteSwiftPackageReference;
			repositoryURL = "https://github.com/Peter-Schorn/SpotifyAPI.git";
			requirement = {
				kind = upToNextMajorVersion;
				minimumVersion = 2.0.0;
			};
		};
/* End XCRemoteSwiftPackageReference section */

/* Begin XCSwiftPackageProductDependency section */
		D4FF14122A6FC5DF00151567 /* SpotifyAPI */ = {
			isa = XCSwiftPackageProductDependency;
			package = D4FF14112A6FC5DF00151567 /* XCRemoteSwiftPackageReference "SpotifyAPI" */;
			productName = SpotifyAPI;
		};
/* End XCSwiftPackageProductDependency section */
	};
	rootObject = D4FF13F62A6FC4AE00151567 /* Project object */;
}
